// !$*UTF8*$!
{
	archiveVersion = 1;
	classes = {
	};
	objectVersion = 46;
	objects = {

/* Begin PBXBuildFile section */
		8C7CDB8A19A3366000BBFD16 /* Foundation.framework in Frameworks */ = {isa = PBXBuildFile; fileRef = 8C7CDB8919A3366000BBFD16 /* Foundation.framework */; };
		8C7CDB8C19A3366000BBFD16 /* CoreGraphics.framework in Frameworks */ = {isa = PBXBuildFile; fileRef = 8C7CDB8B19A3366000BBFD16 /* CoreGraphics.framework */; };
		8C7CDB8E19A3366000BBFD16 /* UIKit.framework in Frameworks */ = {isa = PBXBuildFile; fileRef = 8C7CDB8D19A3366000BBFD16 /* UIKit.framework */; };
		8C7CDB9419A3366000BBFD16 /* InfoPlist.strings in Resources */ = {isa = PBXBuildFile; fileRef = 8C7CDB9219A3366000BBFD16 /* InfoPlist.strings */; };
		8C7CDB9619A3366000BBFD16 /* main.m in Sources */ = {isa = PBXBuildFile; fileRef = 8C7CDB9519A3366000BBFD16 /* main.m */; };
		8C7CDB9A19A3366000BBFD16 /* AppDelegate.m in Sources */ = {isa = PBXBuildFile; fileRef = 8C7CDB9919A3366000BBFD16 /* AppDelegate.m */; };
		8C7CDB9C19A3366000BBFD16 /* Images.xcassets in Resources */ = {isa = PBXBuildFile; fileRef = 8C7CDB9B19A3366000BBFD16 /* Images.xcassets */; };
		8C7CDBA319A3366000BBFD16 /* XCTest.framework in Frameworks */ = {isa = PBXBuildFile; fileRef = 8C7CDBA219A3366000BBFD16 /* XCTest.framework */; };
		8C7CDBA419A3366000BBFD16 /* Foundation.framework in Frameworks */ = {isa = PBXBuildFile; fileRef = 8C7CDB8919A3366000BBFD16 /* Foundation.framework */; };
		8C7CDBA519A3366000BBFD16 /* UIKit.framework in Frameworks */ = {isa = PBXBuildFile; fileRef = 8C7CDB8D19A3366000BBFD16 /* UIKit.framework */; };
		8C7CDBAD19A3366000BBFD16 /* InfoPlist.strings in Resources */ = {isa = PBXBuildFile; fileRef = 8C7CDBAB19A3366000BBFD16 /* InfoPlist.strings */; };
		8C7CDBAF19A3366000BBFD16 /* CLSideSlideControllerTests.m in Sources */ = {isa = PBXBuildFile; fileRef = 8C7CDBAE19A3366000BBFD16 /* CLSideSlideControllerTests.m */; };
		8C7CDBD619A33A3F00BBFD16 /* CLSideSlideController.m in Sources */ = {isa = PBXBuildFile; fileRef = 8C7CDBB919A33A3F00BBFD16 /* CLSideSlideController.m */; };
		8C7CDBD719A33A3F00BBFD16 /* CLSideSlideUtils.m in Sources */ = {isa = PBXBuildFile; fileRef = 8C7CDBBB19A33A3F00BBFD16 /* CLSideSlideUtils.m */; };
		8C7CDBD819A33A3F00BBFD16 /* LeftTableViewController.m in Sources */ = {isa = PBXBuildFile; fileRef = 8C7CDBBD19A33A3F00BBFD16 /* LeftTableViewController.m */; };
		8C7CDBD919A33A3F00BBFD16 /* RightViewController.m in Sources */ = {isa = PBXBuildFile; fileRef = 8C7CDBBF19A33A3F00BBFD16 /* RightViewController.m */; };
		8C7CDBDA19A33A3F00BBFD16 /* FirstViewController.m in Sources */ = {isa = PBXBuildFile; fileRef = 8C7CDBC119A33A3F00BBFD16 /* FirstViewController.m */; };
		8C7CDBDB19A33A3F00BBFD16 /* SecondTableViewController.m in Sources */ = {isa = PBXBuildFile; fileRef = 8C7CDBC319A33A3F00BBFD16 /* SecondTableViewController.m */; };
		8C7CDBDC19A33A3F00BBFD16 /* ThirdViewController.m in Sources */ = {isa = PBXBuildFile; fileRef = 8C7CDBC519A33A3F00BBFD16 /* ThirdViewController.m */; };
		8C7CDBDD19A33A3F00BBFD16 /* FourViewController.m in Sources */ = {isa = PBXBuildFile; fileRef = 8C7CDBC719A33A3F00BBFD16 /* FourViewController.m */; };
		8C7CDBDE19A33A3F00BBFD16 /* FiveTableViewController.m in Sources */ = {isa = PBXBuildFile; fileRef = 8C7CDBC919A33A3F00BBFD16 /* FiveTableViewController.m */; };
		8C7CDBDF19A33A3F00BBFD16 /* SixViewController.m in Sources */ = {isa = PBXBuildFile; fileRef = 8C7CDBCB19A33A3F00BBFD16 /* SixViewController.m */; };
		8C7CDBE019A33A3F00BBFD16 /* SevenTableViewController.m in Sources */ = {isa = PBXBuildFile; fileRef = 8C7CDBCD19A33A3F00BBFD16 /* SevenTableViewController.m */; };
		8C7CDBE119A33A3F00BBFD16 /* EightViewController.m in Sources */ = {isa = PBXBuildFile; fileRef = 8C7CDBCF19A33A3F00BBFD16 /* EightViewController.m */; };
		8C7CDBE219A33A3F00BBFD16 /* NineTableViewController.m in Sources */ = {isa = PBXBuildFile; fileRef = 8C7CDBD119A33A3F00BBFD16 /* NineTableViewController.m */; };
		8C7CDBE319A33A3F00BBFD16 /* TenViewController.m in Sources */ = {isa = PBXBuildFile; fileRef = 8C7CDBD319A33A3F00BBFD16 /* TenViewController.m */; };
		8C7CDBE419A33A3F00BBFD16 /* NextViewController.m in Sources */ = {isa = PBXBuildFile; fileRef = 8C7CDBD519A33A3F00BBFD16 /* NextViewController.m */; };
/* End PBXBuildFile section */

/* Begin PBXContainerItemProxy section */
		8C7CDBA619A3366000BBFD16 /* PBXContainerItemProxy */ = {
			isa = PBXContainerItemProxy;
			containerPortal = 8C7CDB7E19A3366000BBFD16 /* Project object */;
			proxyType = 1;
			remoteGlobalIDString = 8C7CDB8519A3366000BBFD16;
			remoteInfo = CLSideSlideController;
		};
/* End PBXContainerItemProxy section */

/* Begin PBXFileReference section */
		8C7CDB8619A3366000BBFD16 /* CLSideSlideController.app */ = {isa = PBXFileReference; explicitFileType = wrapper.application; includeInIndex = 0; path = CLSideSlideController.app; sourceTree = BUILT_PRODUCTS_DIR; };
		8C7CDB8919A3366000BBFD16 /* Foundation.framework */ = {isa = PBXFileReference; lastKnownFileType = wrapper.framework; name = Foundation.framework; path = System/Library/Frameworks/Foundation.framework; sourceTree = SDKROOT; };
		8C7CDB8B19A3366000BBFD16 /* CoreGraphics.framework */ = {isa = PBXFileReference; lastKnownFileType = wrapper.framework; name = CoreGraphics.framework; path = System/Library/Frameworks/CoreGraphics.framework; sourceTree = SDKROOT; };
		8C7CDB8D19A3366000BBFD16 /* UIKit.framework */ = {isa = PBXFileReference; lastKnownFileType = wrapper.framework; name = UIKit.framework; path = System/Library/Frameworks/UIKit.framework; sourceTree = SDKROOT; };
		8C7CDB9119A3366000BBFD16 /* CLSideSlideController-Info.plist */ = {isa = PBXFileReference; lastKnownFileType = text.plist.xml; path = "CLSideSlideController-Info.plist"; sourceTree = "<group>"; };
		8C7CDB9319A3366000BBFD16 /* en */ = {isa = PBXFileReference; lastKnownFileType = text.plist.strings; name = en; path = en.lproj/InfoPlist.strings; sourceTree = "<group>"; };
		8C7CDB9519A3366000BBFD16 /* main.m */ = {isa = PBXFileReference; lastKnownFileType = sourcecode.c.objc; path = main.m; sourceTree = "<group>"; };
		8C7CDB9719A3366000BBFD16 /* CLSideSlideController-Prefix.pch */ = {isa = PBXFileReference; lastKnownFileType = sourcecode.c.h; path = "CLSideSlideController-Prefix.pch"; sourceTree = "<group>"; };
		8C7CDB9819A3366000BBFD16 /* AppDelegate.h */ = {isa = PBXFileReference; lastKnownFileType = sourcecode.c.h; path = AppDelegate.h; sourceTree = "<group>"; };
		8C7CDB9919A3366000BBFD16 /* AppDelegate.m */ = {isa = PBXFileReference; lastKnownFileType = sourcecode.c.objc; path = AppDelegate.m; sourceTree = "<group>"; };
		8C7CDB9B19A3366000BBFD16 /* Images.xcassets */ = {isa = PBXFileReference; lastKnownFileType = folder.assetcatalog; path = Images.xcassets; sourceTree = "<group>"; };
		8C7CDBA119A3366000BBFD16 /* CLSideSlideControllerTests.xctest */ = {isa = PBXFileReference; explicitFileType = wrapper.cfbundle; includeInIndex = 0; path = CLSideSlideControllerTests.xctest; sourceTree = BUILT_PRODUCTS_DIR; };
		8C7CDBA219A3366000BBFD16 /* XCTest.framework */ = {isa = PBXFileReference; lastKnownFileType = wrapper.framework; name = XCTest.framework; path = Library/Frameworks/XCTest.framework; sourceTree = DEVELOPER_DIR; };
		8C7CDBAA19A3366000BBFD16 /* CLSideSlideControllerTests-Info.plist */ = {isa = PBXFileReference; lastKnownFileType = text.plist.xml; path = "CLSideSlideControllerTests-Info.plist"; sourceTree = "<group>"; };
		8C7CDBAC19A3366000BBFD16 /* en */ = {isa = PBXFileReference; lastKnownFileType = text.plist.strings; name = en; path = en.lproj/InfoPlist.strings; sourceTree = "<group>"; };
		8C7CDBAE19A3366000BBFD16 /* CLSideSlideControllerTests.m */ = {isa = PBXFileReference; lastKnownFileType = sourcecode.c.objc; path = CLSideSlideControllerTests.m; sourceTree = "<group>"; };
		8C7CDBB819A33A3F00BBFD16 /* CLSideSlideController.h */ = {isa = PBXFileReference; fileEncoding = 4; lastKnownFileType = sourcecode.c.h; path = CLSideSlideController.h; sourceTree = "<group>"; };
		8C7CDBB919A33A3F00BBFD16 /* CLSideSlideController.m */ = {isa = PBXFileReference; fileEncoding = 4; lastKnownFileType = sourcecode.c.objc; path = CLSideSlideController.m; sourceTree = "<group>"; };
		8C7CDBBA19A33A3F00BBFD16 /* CLSideSlideUtils.h */ = {isa = PBXFileReference; fileEncoding = 4; lastKnownFileType = sourcecode.c.h; path = CLSideSlideUtils.h; sourceTree = "<group>"; };
		8C7CDBBB19A33A3F00BBFD16 /* CLSideSlideUtils.m */ = {isa = PBXFileReference; fileEncoding = 4; lastKnownFileType = sourcecode.c.objc; path = CLSideSlideUtils.m; sourceTree = "<group>"; };
		8C7CDBBC19A33A3F00BBFD16 /* LeftTableViewController.h */ = {isa = PBXFileReference; fileEncoding = 4; lastKnownFileType = sourcecode.c.h; path = LeftTableViewController.h; sourceTree = "<group>"; };
		8C7CDBBD19A33A3F00BBFD16 /* LeftTableViewController.m */ = {isa = PBXFileReference; fileEncoding = 4; lastKnownFileType = sourcecode.c.objc; path = LeftTableViewController.m; sourceTree = "<group>"; };
		8C7CDBBE19A33A3F00BBFD16 /* RightViewController.h */ = {isa = PBXFileReference; fileEncoding = 4; lastKnownFileType = sourcecode.c.h; path = RightViewController.h; sourceTree = "<group>"; };
		8C7CDBBF19A33A3F00BBFD16 /* RightViewController.m */ = {isa = PBXFileReference; fileEncoding = 4; lastKnownFileType = sourcecode.c.objc; path = RightViewController.m; sourceTree = "<group>"; };
		8C7CDBC019A33A3F00BBFD16 /* FirstViewController.h */ = {isa = PBXFileReference; fileEncoding = 4; lastKnownFileType = sourcecode.c.h; path = FirstViewController.h; sourceTree = "<group>"; };
		8C7CDBC119A33A3F00BBFD16 /* FirstViewController.m */ = {isa = PBXFileReference; fileEncoding = 4; lastKnownFileType = sourcecode.c.objc; path = FirstViewController.m; sourceTree = "<group>"; };
		8C7CDBC219A33A3F00BBFD16 /* SecondTableViewController.h */ = {isa = PBXFileReference; fileEncoding = 4; lastKnownFileType = sourcecode.c.h; path = SecondTableViewController.h; sourceTree = "<group>"; };
		8C7CDBC319A33A3F00BBFD16 /* SecondTableViewController.m */ = {isa = PBXFileReference; fileEncoding = 4; lastKnownFileType = sourcecode.c.objc; path = SecondTableViewController.m; sourceTree = "<group>"; };
		8C7CDBC419A33A3F00BBFD16 /* ThirdViewController.h */ = {isa = PBXFileReference; fileEncoding = 4; lastKnownFileType = sourcecode.c.h; path = ThirdViewController.h; sourceTree = "<group>"; };
		8C7CDBC519A33A3F00BBFD16 /* ThirdViewController.m */ = {isa = PBXFileReference; fileEncoding = 4; lastKnownFileType = sourcecode.c.objc; path = ThirdViewController.m; sourceTree = "<group>"; };
		8C7CDBC619A33A3F00BBFD16 /* FourViewController.h */ = {isa = PBXFileReference; fileEncoding = 4; lastKnownFileType = sourcecode.c.h; path = FourViewController.h; sourceTree = "<group>"; };
		8C7CDBC719A33A3F00BBFD16 /* FourViewController.m */ = {isa = PBXFileReference; fileEncoding = 4; lastKnownFileType = sourcecode.c.objc; path = FourViewController.m; sourceTree = "<group>"; };
		8C7CDBC819A33A3F00BBFD16 /* FiveTableViewController.h */ = {isa = PBXFileReference; fileEncoding = 4; lastKnownFileType = sourcecode.c.h; path = FiveTableViewController.h; sourceTree = "<group>"; };
		8C7CDBC919A33A3F00BBFD16 /* FiveTableViewController.m */ = {isa = PBXFileReference; fileEncoding = 4; lastKnownFileType = sourcecode.c.objc; path = FiveTableViewController.m; sourceTree = "<group>"; };
		8C7CDBCA19A33A3F00BBFD16 /* SixViewController.h */ = {isa = PBXFileReference; fileEncoding = 4; lastKnownFileType = sourcecode.c.h; path = SixViewController.h; sourceTree = "<group>"; };
		8C7CDBCB19A33A3F00BBFD16 /* SixViewController.m */ = {isa = PBXFileReference; fileEncoding = 4; lastKnownFileType = sourcecode.c.objc; path = SixViewController.m; sourceTree = "<group>"; };
		8C7CDBCC19A33A3F00BBFD16 /* SevenTableViewController.h */ = {isa = PBXFileReference; fileEncoding = 4; lastKnownFileType = sourcecode.c.h; path = SevenTableViewController.h; sourceTree = "<group>"; };
		8C7CDBCD19A33A3F00BBFD16 /* SevenTableViewController.m */ = {isa = PBXFileReference; fileEncoding = 4; lastKnownFileType = sourcecode.c.objc; path = SevenTableViewController.m; sourceTree = "<group>"; };
		8C7CDBCE19A33A3F00BBFD16 /* EightViewController.h */ = {isa = PBXFileReference; fileEncoding = 4; lastKnownFileType = sourcecode.c.h; path = EightViewController.h; sourceTree = "<group>"; };
		8C7CDBCF19A33A3F00BBFD16 /* EightViewController.m */ = {isa = PBXFileReference; fileEncoding = 4; lastKnownFileType = sourcecode.c.objc; path = EightViewController.m; sourceTree = "<group>"; };
		8C7CDBD019A33A3F00BBFD16 /* NineTableViewController.h */ = {isa = PBXFileReference; fileEncoding = 4; lastKnownFileType = sourcecode.c.h; path = NineTableViewController.h; sourceTree = "<group>"; };
		8C7CDBD119A33A3F00BBFD16 /* NineTableViewController.m */ = {isa = PBXFileReference; fileEncoding = 4; lastKnownFileType = sourcecode.c.objc; path = NineTableViewController.m; sourceTree = "<group>"; };
		8C7CDBD219A33A3F00BBFD16 /* TenViewController.h */ = {isa = PBXFileReference; fileEncoding = 4; lastKnownFileType = sourcecode.c.h; path = TenViewController.h; sourceTree = "<group>"; };
		8C7CDBD319A33A3F00BBFD16 /* TenViewController.m */ = {isa = PBXFileReference; fileEncoding = 4; lastKnownFileType = sourcecode.c.objc; path = TenViewController.m; sourceTree = "<group>"; };
		8C7CDBD419A33A3F00BBFD16 /* NextViewController.h */ = {isa = PBXFileReference; fileEncoding = 4; lastKnownFileType = sourcecode.c.h; path = NextViewController.h; sourceTree = "<group>"; };
		8C7CDBD519A33A3F00BBFD16 /* NextViewController.m */ = {isa = PBXFileReference; fileEncoding = 4; lastKnownFileType = sourcecode.c.objc; path = NextViewController.m; sourceTree = "<group>"; };
/* End PBXFileReference section */

/* Begin PBXFrameworksBuildPhase section */
		8C7CDB8319A3366000BBFD16 /* Frameworks */ = {
			isa = PBXFrameworksBuildPhase;
			buildActionMask = 2147483647;
			files = (
				8C7CDB8C19A3366000BBFD16 /* CoreGraphics.framework in Frameworks */,
				8C7CDB8E19A3366000BBFD16 /* UIKit.framework in Frameworks */,
				8C7CDB8A19A3366000BBFD16 /* Foundation.framework in Frameworks */,
			);
			runOnlyForDeploymentPostprocessing = 0;
		};
		8C7CDB9E19A3366000BBFD16 /* Frameworks */ = {
			isa = PBXFrameworksBuildPhase;
			buildActionMask = 2147483647;
			files = (
				8C7CDBA319A3366000BBFD16 /* XCTest.framework in Frameworks */,
				8C7CDBA519A3366000BBFD16 /* UIKit.framework in Frameworks */,
				8C7CDBA419A3366000BBFD16 /* Foundation.framework in Frameworks */,
			);
			runOnlyForDeploymentPostprocessing = 0;
		};
/* End PBXFrameworksBuildPhase section */

/* Begin PBXGroup section */
		8C7CDB7D19A3366000BBFD16 = {
			isa = PBXGroup;
			children = (
				8C7CDB8F19A3366000BBFD16 /* CLSideSlideController */,
				8C7CDBA819A3366000BBFD16 /* CLSideSlideControllerTests */,
				8C7CDB8819A3366000BBFD16 /* Frameworks */,
				8C7CDB8719A3366000BBFD16 /* Products */,
			);
			sourceTree = "<group>";
		};
		8C7CDB8719A3366000BBFD16 /* Products */ = {
			isa = PBXGroup;
			children = (
				8C7CDB8619A3366000BBFD16 /* CLSideSlideController.app */,
				8C7CDBA119A3366000BBFD16 /* CLSideSlideControllerTests.xctest */,
			);
			name = Products;
			sourceTree = "<group>";
		};
		8C7CDB8819A3366000BBFD16 /* Frameworks */ = {
			isa = PBXGroup;
			children = (
				8C7CDB8919A3366000BBFD16 /* Foundation.framework */,
				8C7CDB8B19A3366000BBFD16 /* CoreGraphics.framework */,
				8C7CDB8D19A3366000BBFD16 /* UIKit.framework */,
				8C7CDBA219A3366000BBFD16 /* XCTest.framework */,
			);
			name = Frameworks;
			sourceTree = "<group>";
		};
		8C7CDB8F19A3366000BBFD16 /* CLSideSlideController */ = {
			isa = PBXGroup;
			children = (
				8C7CDB9819A3366000BBFD16 /* AppDelegate.h */,
				8C7CDB9919A3366000BBFD16 /* AppDelegate.m */,
				8C7CDBB819A33A3F00BBFD16 /* CLSideSlideController.h */,
				8C7CDBB919A33A3F00BBFD16 /* CLSideSlideController.m */,
				8C7CDBBA19A33A3F00BBFD16 /* CLSideSlideUtils.h */,
				8C7CDBBB19A33A3F00BBFD16 /* CLSideSlideUtils.m */,
				8C7CDBBC19A33A3F00BBFD16 /* LeftTableViewController.h */,
				8C7CDBBD19A33A3F00BBFD16 /* LeftTableViewController.m */,
				8C7CDBBE19A33A3F00BBFD16 /* RightViewController.h */,
				8C7CDBBF19A33A3F00BBFD16 /* RightViewController.m */,
				8C7CDBC019A33A3F00BBFD16 /* FirstViewController.h */,
				8C7CDBC119A33A3F00BBFD16 /* FirstViewController.m */,
				8C7CDBC219A33A3F00BBFD16 /* SecondTableViewController.h */,
				8C7CDBC319A33A3F00BBFD16 /* SecondTableViewController.m */,
				8C7CDBC419A33A3F00BBFD16 /* ThirdViewController.h */,
				8C7CDBC519A33A3F00BBFD16 /* ThirdViewController.m */,
				8C7CDBC619A33A3F00BBFD16 /* FourViewController.h */,
				8C7CDBC719A33A3F00BBFD16 /* FourViewController.m */,
				8C7CDBC819A33A3F00BBFD16 /* FiveTableViewController.h */,
				8C7CDBC919A33A3F00BBFD16 /* FiveTableViewController.m */,
				8C7CDBCA19A33A3F00BBFD16 /* SixViewController.h */,
				8C7CDBCB19A33A3F00BBFD16 /* SixViewController.m */,
				8C7CDBCC19A33A3F00BBFD16 /* SevenTableViewController.h */,
				8C7CDBCD19A33A3F00BBFD16 /* SevenTableViewController.m */,
				8C7CDBCE19A33A3F00BBFD16 /* EightViewController.h */,
				8C7CDBCF19A33A3F00BBFD16 /* EightViewController.m */,
				8C7CDBD019A33A3F00BBFD16 /* NineTableViewController.h */,
				8C7CDBD119A33A3F00BBFD16 /* NineTableViewController.m */,
				8C7CDBD219A33A3F00BBFD16 /* TenViewController.h */,
				8C7CDBD319A33A3F00BBFD16 /* TenViewController.m */,
				8C7CDBD419A33A3F00BBFD16 /* NextViewController.h */,
				8C7CDBD519A33A3F00BBFD16 /* NextViewController.m */,
				8C7CDB9B19A3366000BBFD16 /* Images.xcassets */,
				8C7CDB9019A3366000BBFD16 /* Supporting Files */,
			);
			path = CLSideSlideController;
			sourceTree = "<group>";
		};
		8C7CDB9019A3366000BBFD16 /* Supporting Files */ = {
			isa = PBXGroup;
			children = (
				8C7CDB9119A3366000BBFD16 /* CLSideSlideController-Info.plist */,
				8C7CDB9219A3366000BBFD16 /* InfoPlist.strings */,
				8C7CDB9519A3366000BBFD16 /* main.m */,
				8C7CDB9719A3366000BBFD16 /* CLSideSlideController-Prefix.pch */,
			);
			name = "Supporting Files";
			sourceTree = "<group>";
		};
		8C7CDBA819A3366000BBFD16 /* CLSideSlideControllerTests */ = {
			isa = PBXGroup;
			children = (
				8C7CDBAE19A3366000BBFD16 /* CLSideSlideControllerTests.m */,
				8C7CDBA919A3366000BBFD16 /* Supporting Files */,
			);
			path = CLSideSlideControllerTests;
			sourceTree = "<group>";
		};
		8C7CDBA919A3366000BBFD16 /* Supporting Files */ = {
			isa = PBXGroup;
			children = (
				8C7CDBAA19A3366000BBFD16 /* CLSideSlideControllerTests-Info.plist */,
				8C7CDBAB19A3366000BBFD16 /* InfoPlist.strings */,
			);
			name = "Supporting Files";
			sourceTree = "<group>";
		};
/* End PBXGroup section */

/* Begin PBXNativeTarget section */
		8C7CDB8519A3366000BBFD16 /* CLSideSlideController */ = {
			isa = PBXNativeTarget;
			buildConfigurationList = 8C7CDBB219A3366000BBFD16 /* Build configuration list for PBXNativeTarget "CLSideSlideController" */;
			buildPhases = (
				8C7CDB8219A3366000BBFD16 /* Sources */,
				8C7CDB8319A3366000BBFD16 /* Frameworks */,
				8C7CDB8419A3366000BBFD16 /* Resources */,
			);
			buildRules = (
			);
			dependencies = (
			);
			name = CLSideSlideController;
			productName = CLSideSlideController;
			productReference = 8C7CDB8619A3366000BBFD16 /* CLSideSlideController.app */;
			productType = "com.apple.product-type.application";
		};
		8C7CDBA019A3366000BBFD16 /* CLSideSlideControllerTests */ = {
			isa = PBXNativeTarget;
			buildConfigurationList = 8C7CDBB519A3366000BBFD16 /* Build configuration list for PBXNativeTarget "CLSideSlideControllerTests" */;
			buildPhases = (
				8C7CDB9D19A3366000BBFD16 /* Sources */,
				8C7CDB9E19A3366000BBFD16 /* Frameworks */,
				8C7CDB9F19A3366000BBFD16 /* Resources */,
			);
			buildRules = (
			);
			dependencies = (
				8C7CDBA719A3366000BBFD16 /* PBXTargetDependency */,
			);
			name = CLSideSlideControllerTests;
			productName = CLSideSlideControllerTests;
			productReference = 8C7CDBA119A3366000BBFD16 /* CLSideSlideControllerTests.xctest */;
			productType = "com.apple.product-type.bundle.unit-test";
		};
/* End PBXNativeTarget section */

/* Begin PBXProject section */
		8C7CDB7E19A3366000BBFD16 /* Project object */ = {
			isa = PBXProject;
			attributes = {
				LastUpgradeCheck = 0500;
				ORGANIZATIONNAME = Cui;
				TargetAttributes = {
					8C7CDBA019A3366000BBFD16 = {
						TestTargetID = 8C7CDB8519A3366000BBFD16;
					};
				};
			};
			buildConfigurationList = 8C7CDB8119A3366000BBFD16 /* Build configuration list for PBXProject "CLSideSlideController" */;
			compatibilityVersion = "Xcode 3.2";
			developmentRegion = English;
			hasScannedForEncodings = 0;
			knownRegions = (
				en,
			);
			mainGroup = 8C7CDB7D19A3366000BBFD16;
			productRefGroup = 8C7CDB8719A3366000BBFD16 /* Products */;
			projectDirPath = "";
			projectRoot = "";
			targets = (
				8C7CDB8519A3366000BBFD16 /* CLSideSlideController */,
				8C7CDBA019A3366000BBFD16 /* CLSideSlideControllerTests */,
			);
		};
/* End PBXProject section */

/* Begin PBXResourcesBuildPhase section */
		8C7CDB8419A3366000BBFD16 /* Resources */ = {
			isa = PBXResourcesBuildPhase;
			buildActionMask = 2147483647;
			files = (
				8C7CDB9419A3366000BBFD16 /* InfoPlist.strings in Resources */,
				8C7CDB9C19A3366000BBFD16 /* Images.xcassets in Resources */,
			);
			runOnlyForDeploymentPostprocessing = 0;
		};
		8C7CDB9F19A3366000BBFD16 /* Resources */ = {
			isa = PBXResourcesBuildPhase;
			buildActionMask = 2147483647;
			files = (
				8C7CDBAD19A3366000BBFD16 /* InfoPlist.strings in Resources */,
			);
			runOnlyForDeploymentPostprocessing = 0;
		};
/* End PBXResourcesBuildPhase section */

/* Begin PBXSourcesBuildPhase section */
		8C7CDB8219A3366000BBFD16 /* Sources */ = {
			isa = PBXSourcesBuildPhase;
			buildActionMask = 2147483647;
			files = (
				8C7CDB9A19A3366000BBFD16 /* AppDelegate.m in Sources */,
				8C7CDBDF19A33A3F00BBFD16 /* SixViewController.m in Sources */,
				8C7CDBE119A33A3F00BBFD16 /* EightViewController.m in Sources */,
				8C7CDBDB19A33A3F00BBFD16 /* SecondTableViewController.m in Sources */,
				8C7CDBE319A33A3F00BBFD16 /* TenViewController.m in Sources */,
				8C7CDBDD19A33A3F00BBFD16 /* FourViewController.m in Sources */,
				8C7CDBD819A33A3F00BBFD16 /* LeftTableViewController.m in Sources */,
				8C7CDBE019A33A3F00BBFD16 /* SevenTableViewController.m in Sources */,
				8C7CDBDA19A33A3F00BBFD16 /* FirstViewController.m in Sources */,
				8C7CDBD619A33A3F00BBFD16 /* CLSideSlideController.m in Sources */,
				8C7CDBDC19A33A3F00BBFD16 /* ThirdViewController.m in Sources */,
				8C7CDBE419A33A3F00BBFD16 /* NextViewController.m in Sources */,
				8C7CDBD719A33A3F00BBFD16 /* CLSideSlideUtils.m in Sources */,
				8C7CDB9619A3366000BBFD16 /* main.m in Sources */,
				8C7CDBD919A33A3F00BBFD16 /* RightViewController.m in Sources */,
				8C7CDBDE19A33A3F00BBFD16 /* FiveTableViewController.m in Sources */,
				8C7CDBE219A33A3F00BBFD16 /* NineTableViewController.m in Sources */,
			);
			runOnlyForDeploymentPostprocessing = 0;
		};
		8C7CDB9D19A3366000BBFD16 /* Sources */ = {
			isa = PBXSourcesBuildPhase;
			buildActionMask = 2147483647;
			files = (
				8C7CDBAF19A3366000BBFD16 /* CLSideSlideControllerTests.m in Sources */,
			);
			runOnlyForDeploymentPostprocessing = 0;
		};
/* End PBXSourcesBuildPhase section */

/* Begin PBXTargetDependency section */
		8C7CDBA719A3366000BBFD16 /* PBXTargetDependency */ = {
			isa = PBXTargetDependency;
			target = 8C7CDB8519A3366000BBFD16 /* CLSideSlideController */;
			targetProxy = 8C7CDBA619A3366000BBFD16 /* PBXContainerItemProxy */;
		};
/* End PBXTargetDependency section */

/* Begin PBXVariantGroup section */
		8C7CDB9219A3366000BBFD16 /* InfoPlist.strings */ = {
			isa = PBXVariantGroup;
			children = (
				8C7CDB9319A3366000BBFD16 /* en */,
			);
			name = InfoPlist.strings;
			sourceTree = "<group>";
		};
		8C7CDBAB19A3366000BBFD16 /* InfoPlist.strings */ = {
			isa = PBXVariantGroup;
			children = (
				8C7CDBAC19A3366000BBFD16 /* en */,
			);
			name = InfoPlist.strings;
			sourceTree = "<group>";
		};
/* End PBXVariantGroup section */

/* Begin XCBuildConfiguration section */
		8C7CDBB019A3366000BBFD16 /* Debug */ = {
			isa = XCBuildConfiguration;
			buildSettings = {
				ALWAYS_SEARCH_USER_PATHS = NO;
				ARCHS = "$(ARCHS_STANDARD_INCLUDING_64_BIT)";
				CLANG_CXX_LANGUAGE_STANDARD = "gnu++0x";
				CLANG_CXX_LIBRARY = "libc++";
				CLANG_ENABLE_MODULES = YES;
				CLANG_ENABLE_OBJC_ARC = NO;
				CLANG_WARN_BOOL_CONVERSION = YES;
				CLANG_WARN_CONSTANT_CONVERSION = YES;
				CLANG_WARN_DIRECT_OBJC_ISA_USAGE = YES_ERROR;
				CLANG_WARN_EMPTY_BODY = YES;
				CLANG_WARN_ENUM_CONVERSION = YES;
				CLANG_WARN_INT_CONVERSION = YES;
				CLANG_WARN_OBJC_ROOT_CLASS = YES_ERROR;
				CLANG_WARN__DUPLICATE_METHOD_MATCH = YES;
				"CODE_SIGN_IDENTITY[sdk=iphoneos*]" = "iPhone Developer";
				COPY_PHASE_STRIP = NO;
				GCC_C_LANGUAGE_STANDARD = gnu99;
				GCC_DYNAMIC_NO_PIC = NO;
				GCC_OPTIMIZATION_LEVEL = 0;
				GCC_PREPROCESSOR_DEFINITIONS = (
					"DEBUG=1",
					"$(inherited)",
				);
				GCC_SYMBOLS_PRIVATE_EXTERN = NO;
				GCC_WARN_64_TO_32_BIT_CONVERSION = YES;
				GCC_WARN_ABOUT_RETURN_TYPE = YES_ERROR;
				GCC_WARN_UNDECLARED_SELECTOR = YES;
				GCC_WARN_UNINITIALIZED_AUTOS = YES;
				GCC_WARN_UNUSED_FUNCTION = YES;
				GCC_WARN_UNUSED_VARIABLE = YES;
				IPHONEOS_DEPLOYMENT_TARGET = 6.0;
				ONLY_ACTIVE_ARCH = YES;
				SDKROOT = iphoneos;
			};
			name = Debug;
		};
		8C7CDBB119A3366000BBFD16 /* Release */ = {
			isa = XCBuildConfiguration;
			buildSettings = {
				ALWAYS_SEARCH_USER_PATHS = NO;
				ARCHS = "$(ARCHS_STANDARD_INCLUDING_64_BIT)";
				CLANG_CXX_LANGUAGE_STANDARD = "gnu++0x";
				CLANG_CXX_LIBRARY = "libc++";
				CLANG_ENABLE_MODULES = YES;
				CLANG_ENABLE_OBJC_ARC = NO;
				CLANG_WARN_BOOL_CONVERSION = YES;
				CLANG_WARN_CONSTANT_CONVERSION = YES;
				CLANG_WARN_DIRECT_OBJC_ISA_USAGE = YES_ERROR;
				CLANG_WARN_EMPTY_BODY = YES;
				CLANG_WARN_ENUM_CONVERSION = YES;
				CLANG_WARN_INT_CONVERSION = YES;
				CLANG_WARN_OBJC_ROOT_CLASS = YES_ERROR;
				CLANG_WARN__DUPLICATE_METHOD_MATCH = YES;
				"CODE_SIGN_IDENTITY[sdk=iphoneos*]" = "iPhone Developer";
				COPY_PHASE_STRIP = YES;
				ENABLE_NS_ASSERTIONS = NO;
				GCC_C_LANGUAGE_STANDARD = gnu99;
				GCC_WARN_64_TO_32_BIT_CONVERSION = YES;
				GCC_WARN_ABOUT_RETURN_TYPE = YES_ERROR;
				GCC_WARN_UNDECLARED_SELECTOR = YES;
				GCC_WARN_UNINITIALIZED_AUTOS = YES;
				GCC_WARN_UNUSED_FUNCTION = YES;
				GCC_WARN_UNUSED_VARIABLE = YES;
				IPHONEOS_DEPLOYMENT_TARGET = 6.0;
				SDKROOT = iphoneos;
				VALIDATE_PRODUCT = YES;
			};
			name = Release;
		};
		8C7CDBB319A3366000BBFD16 /* Debug */ = {
			isa = XCBuildConfiguration;
			buildSettings = {
				ARCHS = "$(ARCHS_STANDARD)";
				ASSETCATALOG_COMPILER_APPICON_NAME = AppIcon;
				ASSETCATALOG_COMPILER_LAUNCHIMAGE_NAME = LaunchImage;
				GCC_PRECOMPILE_PREFIX_HEADER = YES;
				GCC_PREFIX_HEADER = "CLSideSlideController/CLSideSlideController-Prefix.pch";
				INFOPLIST_FILE = "CLSideSlideController/CLSideSlideController-Info.plist";
				IPHONEOS_DEPLOYMENT_TARGET = 6.0;
				PRODUCT_NAME = "$(TARGET_NAME)";
				WRAPPER_EXTENSION = app;
			};
			name = Debug;
		};
		8C7CDBB419A3366000BBFD16 /* Release */ = {
			isa = XCBuildConfiguration;
			buildSettings = {
				ARCHS = "$(ARCHS_STANDARD)";
				ASSETCATALOG_COMPILER_APPICON_NAME = AppIcon;
				ASSETCATALOG_COMPILER_LAUNCHIMAGE_NAME = LaunchImage;
				GCC_PRECOMPILE_PREFIX_HEADER = YES;
				GCC_PREFIX_HEADER = "CLSideSlideController/CLSideSlideController-Prefix.pch";
				INFOPLIST_FILE = "CLSideSlideController/CLSideSlideController-Info.plist";
				IPHONEOS_DEPLOYMENT_TARGET = 6.0;
				PRODUCT_NAME = "$(TARGET_NAME)";
				WRAPPER_EXTENSION = app;
			};
			name = Release;
		};
		8C7CDBB619A3366000BBFD16 /* Debug */ = {
			isa = XCBuildConfiguration;
			buildSettings = {
				ARCHS = "$(ARCHS_STANDARD_INCLUDING_64_BIT)";
				BUNDLE_LOADER = "$(BUILT_PRODUCTS_DIR)/CLSideSlideController.app/CLSideSlideController";
				FRAMEWORK_SEARCH_PATHS = (
					"$(SDKROOT)/Developer/Library/Frameworks",
					"$(inherited)",
					"$(DEVELOPER_FRAMEWORKS_DIR)",
				);
				GCC_PRECOMPILE_PREFIX_HEADER = YES;
				GCC_PREFIX_HEADER = "CLSideSlideController/CLSideSlideController-Prefix.pch";
				GCC_PREPROCESSOR_DEFINITIONS = (
					"DEBUG=1",
					"$(inherited)",
				);
				INFOPLIST_FILE = "CLSideSlideControllerTests/CLSideSlideControllerTests-Info.plist";
				PRODUCT_NAME = "$(TARGET_NAME)";
				TEST_HOST = "$(BUNDLE_LOADER)";
				WRAPPER_EXTENSION = xctest;
			};
			name = Debug;
		};
		8C7CDBB719A3366000BBFD16 /* Release */ = {
			isa = XCBuildConfiguration;
			buildSettings = {
				ARCHS = "$(ARCHS_STANDARD_INCLUDING_64_BIT)";
				BUNDLE_LOADER = "$(BUILT_PRODUCTS_DIR)/CLSideSlideController.app/CLSideSlideController";
				FRAMEWORK_SEARCH_PATHS = (
					"$(SDKROOT)/Developer/Library/Frameworks",
					"$(inherited)",
					"$(DEVELOPER_FRAMEWORKS_DIR)",
				);
				GCC_PRECOMPILE_PREFIX_HEADER = YES;
				GCC_PREFIX_HEADER = "CLSideSlideController/CLSideSlideController-Prefix.pch";
				INFOPLIST_FILE = "CLSideSlideControllerTests/CLSideSlideControllerTests-Info.plist";
				PRODUCT_NAME = "$(TARGET_NAME)";
				TEST_HOST = "$(BUNDLE_LOADER)";
				WRAPPER_EXTENSION = xctest;
			};
			name = Release;
		};
/* End XCBuildConfiguration section */

/* Begin XCConfigurationList section */
		8C7CDB8119A3366000BBFD16 /* Build configuration list for PBXProject "CLSideSlideController" */ = {
			isa = XCConfigurationList;
			buildConfigurations = (
				8C7CDBB019A3366000BBFD16 /* Debug */,
				8C7CDBB119A3366000BBFD16 /* Release */,
			);
			defaultConfigurationIsVisible = 0;
			defaultConfigurationName = Release;
		};
		8C7CDBB219A3366000BBFD16 /* Build configuration list for PBXNativeTarget "CLSideSlideController" */ = {
			isa = XCConfigurationList;
			buildConfigurations = (
				8C7CDBB319A3366000BBFD16 /* Debug */,
				8C7CDBB419A3366000BBFD16 /* Release */,
			);
			defaultConfigurationIsVisible = 0;
		};
		8C7CDBB519A3366000BBFD16 /* Build configuration list for PBXNativeTarget "CLSideSlideControllerTests" */ = {
			isa = XCConfigurationList;
			buildConfigurations = (
				8C7CDBB619A3366000BBFD16 /* Debug */,
				8C7CDBB719A3366000BBFD16 /* Release */,
			);
			defaultConfigurationIsVisible = 0;
		};
/* End XCConfigurationList section */
	};
	rootObject = 8C7CDB7E19A3366000BBFD16 /* Project object */;
}
